{
  "pins" : [
    {
      "identity" : "soulvercore",
      "kind" : "remoteSourceControl",
      "location" : "https://github.com/soulverteam/SoulverCore",
      "state" : {
        "branch" : "master",
        "revision" : "4dc2be0e6d23f8ec168568f8bc0ae7edda3acc08"
      }
    }
  ],
  "version" : 2
}
